
Microsoft Visual Studio Solution File, Format Version 12.00
# Visual Studio 14
VisualStudioVersion = 14.0.25420.1
MinimumVisualStudioVersion = 10.0.40219.1
Project("{8BC9CEB8-8B4A-11D0-8D11-00A0C91BC942}") = "D2ItemFilter", "D2ItemFilter\D2ItemFilter.vcxproj", "{0845E518-0DD5-45C5-A5F5-D32C6CD61544}"
EndProject
Project("{FAE04EC0-301F-11D3-BF4B-00C04F79EFBC}") = "DotNetD2ItemFilter", "FilterConfigurator\DotNetD2ItemFilter.csproj", "{411292BB-1934-4B59-9305-C6AF2A1B1F21}"
EndProject
Global
	GlobalSection(SolutionConfigurationPlatforms) = preSolution
		Debug|Any CPU = Debug|Any CPU
		Debug|x64 = Debug|x64
		Debug|x86 = Debug|x86
		Release|Any CPU = Release|Any CPU
		Release|x64 = Release|x64
		Release|x86 = Release|x86
	EndGlobalSection
	GlobalSection(ProjectConfigurationPlatforms) = postSolution
		{0845E518-0DD5-45C5-A5F5-D32C6CD61544}.Debug|Any CPU.ActiveCfg = Debug|Win32
		{0845E518-0DD5-45C5-A5F5-D32C6CD61544}.Debug|x64.ActiveCfg = Debug|Win32
		{0845E518-0DD5-45C5-A5F5-D32C6CD61544}.Debug|x86.ActiveCfg = Debug|Win32
		{0845E518-0DD5-45C5-A5F5-D32C6CD61544}.Debug|x86.Build.0 = Debug|Win32
		{0845E518-0DD5-45C5-A5F5-D32C6CD61544}.Release|Any CPU.ActiveCfg = Release|Win32
		{0845E518-0DD5-45C5-A5F5-D32C6CD61544}.Release|x64.ActiveCfg = Release|Win32
		{0845E518-0DD5-45C5-A5F5-D32C6CD61544}.Release|x86.ActiveCfg = Release|Win32
		{0845E518-0DD5-45C5-A5F5-D32C6CD61544}.Release|x86.Build.0 = Release|Win32
		{411292BB-1934-4B59-9305-C6AF2A1B1F21}.Debug|Any CPU.ActiveCfg = Debug|Any CPU
		{411292BB-1934-4B59-9305-C6AF2A1B1F21}.Debug|Any CPU.Build.0 = Debug|Any CPU
		{411292BB-1934-4B59-9305-C6AF2A1B1F21}.Debug|x64.ActiveCfg = Debug|Any CPU
		{411292BB-1934-4B59-9305-C6AF2A1B1F21}.Debug|x64.Build.0 = Debug|Any CPU
		{411292BB-1934-4B59-9305-C6AF2A1B1F21}.Debug|x86.ActiveCfg = Debug|Any CPU
		{411292BB-1934-4B59-9305-C6AF2A1B1F21}.Debug|x86.Build.0 = Debug|Any CPU
		{411292BB-1934-4B59-9305-C6AF2A1B1F21}.Release|Any CPU.ActiveCfg = Release|Any CPU
		{411292BB-1934-4B59-9305-C6AF2A1B1F21}.Release|Any CPU.Build.0 = Release|Any CPU
		{411292BB-1934-4B59-9305-C6AF2A1B1F21}.Release|x64.ActiveCfg = Release|Any CPU
		{411292BB-1934-4B59-9305-C6AF2A1B1F21}.Release|x64.Build.0 = Release|Any CPU
		{411292BB-1934-4B59-9305-C6AF2A1B1F21}.Release|x86.ActiveCfg = Release|Any CPU
		{411292BB-1934-4B59-9305-C6AF2A1B1F21}.Release|x86.Build.0 = Release|Any CPU
	EndGlobalSection
	GlobalSection(SolutionProperties) = preSolution
		HideSolutionNode = FALSE
	EndGlobalSection
EndGlobal
