
Microsoft Visual Studio Solution File, Format Version 12.00
# Visual Studio 14
VisualStudioVersion = 14.0.25420.1
MinimumVisualStudioVersion = 10.0.40219.1
Project("{8BC9CEB8-8B4A-11D0-8D11-00A0C91BC942}") = "D2ItemFilter", "D2ItemFilter\D2ItemFilter.vcxproj", "{0845E518-0DD5-45C5-A5F5-D32C6CD61544}"
EndProject
Project("{8BC9CEB8-8B4A-11D0-8D11-00A0C91BC942}") = "FileWatch", "FileWatch\FileWatch.vcxproj", "{B942D1C4-442A-4926-8BA9-873F18203A03}"
EndProject
Global
	GlobalSection(SolutionConfigurationPlatforms) = preSolution
		Debug|x86 = Debug|x86
		Release|x86 = Release|x86
	EndGlobalSection
	GlobalSection(ProjectConfigurationPlatforms) = postSolution
		{0845E518-0DD5-45C5-A5F5-D32C6CD61544}.Debug|x86.ActiveCfg = Debug|Win32
		{0845E518-0DD5-45C5-A5F5-D32C6CD61544}.Debug|x86.Build.0 = Debug|Win32
		{0845E518-0DD5-45C5-A5F5-D32C6CD61544}.Release|x86.ActiveCfg = Release|Win32
		{0845E518-0DD5-45C5-A5F5-D32C6CD61544}.Release|x86.Build.0 = Release|Win32
		{B942D1C4-442A-4926-8BA9-873F18203A03}.Debug|x86.ActiveCfg = Debug|Win32
		{B942D1C4-442A-4926-8BA9-873F18203A03}.Debug|x86.Build.0 = Debug|Win32
		{B942D1C4-442A-4926-8BA9-873F18203A03}.Release|x86.ActiveCfg = Release|Win32
		{B942D1C4-442A-4926-8BA9-873F18203A03}.Release|x86.Build.0 = Release|Win32
	EndGlobalSection
	GlobalSection(SolutionProperties) = preSolution
		HideSolutionNode = FALSE
	EndGlobalSection
EndGlobal
